
Microsoft Visual Studio Solution File, Format Version 12.00
# Visual Studio Version 17
VisualStudioVersion = 17.1.32328.378
MinimumVisualStudioVersion = 10.0.40219.1
Project("{FAE04EC0-301F-11D3-BF4B-00C04F79EFBC}") = "TelegramPAI", "TelegramPAI\TelegramPAI.csproj", "{B2C21283-81F3-4349-8BF2-941826F254A6}"
EndProject
Global
	GlobalSection(SolutionConfigurationPlatforms) = preSolution
		Debug|Any CPU = Debug|Any CPU
		Release|Any CPU = Release|Any CPU
	EndGlobalSection
	GlobalSection(ProjectConfigurationPlatforms) = postSolution
		{B2C21283-81F3-4349-8BF2-941826F254A6}.Debug|Any CPU.ActiveCfg = Debug|Any CPU
		{B2C21283-81F3-4349-8BF2-941826F254A6}.Debug|Any CPU.Build.0 = Debug|Any CPU
		{B2C21283-81F3-4349-8BF2-941826F254A6}.Release|Any CPU.ActiveCfg = Release|Any CPU
		{B2C21283-81F3-4349-8BF2-941826F254A6}.Release|Any CPU.Build.0 = Release|Any CPU
	EndGlobalSection
	GlobalSection(SolutionProperties) = preSolution
		HideSolutionNode = FALSE
	EndGlobalSection
	GlobalSection(ExtensibilityGlobals) = postSolution
		SolutionGuid = {6F386D37-CE29-407A-9D7F-CCFE91BF29CC}
	EndGlobalSection
EndGlobal
